// !$*UTF8*$!
{
	archiveVersion = 1;
	classes = {
	};
	objectVersion = 48;
	objects = {

/* Begin PBXBuildFile section */
		32729C93202F92030016626C /* AppDelegate.swift in Sources */ = {isa = PBXBuildFile; fileRef = 32729C92202F92030016626C /* AppDelegate.swift */; };
		32729C94202F947A0016626C /* Pods_iGlyph.framework in Frameworks */ = {isa = PBXBuildFile; fileRef = 9FADD8DD7CCA68DEB1FD9D61 /* Pods_iGlyph.framework */; };
		32B68E622030CEC9000CFA9D /* DocumentWindow.xib in Resources */ = {isa = PBXBuildFile; fileRef = 32B68E5E2030CEC8000CFA9D /* DocumentWindow.xib */; };
		32B68E632030CEC9000CFA9D /* MainMenu.xib in Resources */ = {isa = PBXBuildFile; fileRef = 32B68E602030CEC8000CFA9D /* MainMenu.xib */; };
		32B68E742030CF2E000CFA9D /* WritingDirection.xib in Resources */ = {isa = PBXBuildFile; fileRef = 32B68E642030CF2D000CFA9D /* WritingDirection.xib */; };
		32B68E752030CF2E000CFA9D /* Inspector.xib in Resources */ = {isa = PBXBuildFile; fileRef = 32B68E662030CF2D000CFA9D /* Inspector.xib */; };
		32B68E762030CF2E000CFA9D /* Line.xib in Resources */ = {isa = PBXBuildFile; fileRef = 32B68E682030CF2E000CFA9D /* Line.xib */; };
		32B68E772030CF2E000CFA9D /* Hieroglyphs.xib in Resources */ = {isa = PBXBuildFile; fileRef = 32B68E6A2030CF2E000CFA9D /* Hieroglyphs.xib */; };
		32B68E782030CF2E000CFA9D /* Cartouche.xib in Resources */ = {isa = PBXBuildFile; fileRef = 32B68E6C2030CF2E000CFA9D /* Cartouche.xib */; };
		32B68E792030CF2E000CFA9D /* Objects.xib in Resources */ = {isa = PBXBuildFile; fileRef = 32B68E6E2030CF2E000CFA9D /* Objects.xib */; };
		32B68E7A2030CF2E000CFA9D /* PageNr.xib in Resources */ = {isa = PBXBuildFile; fileRef = 32B68E702030CF2E000CFA9D /* PageNr.xib */; };
		32B68E7B2030CF2E000CFA9D /* FormatGlyph.xib in Resources */ = {isa = PBXBuildFile; fileRef = 32B68E722030CF2E000CFA9D /* FormatGlyph.xib */; };
		32B68E802030CF3F000CFA9D /* Preferences.xib in Resources */ = {isa = PBXBuildFile; fileRef = 32B68E7C2030CF3F000CFA9D /* Preferences.xib */; };
		32B68E812030CF3F000CFA9D /* Tips.xib in Resources */ = {isa = PBXBuildFile; fileRef = 32B68E7E2030CF3F000CFA9D /* Tips.xib */; };
		32B68E8B2030F97D000CFA9D /* SidebarViewController.swift in Sources */ = {isa = PBXBuildFile; fileRef = 32B68E892030F97D000CFA9D /* SidebarViewController.swift */; };
		32B68E8C2030F97D000CFA9D /* SidebarViewController.xib in Resources */ = {isa = PBXBuildFile; fileRef = 32B68E8A2030F97D000CFA9D /* SidebarViewController.xib */; };
		32C55048202CE60400EC9B16 /* iGlyphTests.m in Sources */ = {isa = PBXBuildFile; fileRef = 32C55047202CE60400EC9B16 /* iGlyphTests.m */; };
		32C55051202CF59200EC9B16 /* Cocoa.framework in Frameworks */ = {isa = PBXBuildFile; fileRef = 32C55050202CF59200EC9B16 /* Cocoa.framework */; };
		32E58EAF202CA69300946AF1 /* images in Resources */ = {isa = PBXBuildFile; fileRef = 32E58EAE202CA69300946AF1 /* images */; };
		32E58EB1202CA71800946AF1 /* Images.xcassets in Resources */ = {isa = PBXBuildFile; fileRef = 32E58EB0202CA71800946AF1 /* Images.xcassets */; };
		4E75736D0A665A32001721EE /* IGEdgeDockablePanel.h in Headers */ = {isa = PBXBuildFile; fileRef = 4E7573690A665A32001721EE /* IGEdgeDockablePanel.h */; };
		4E75736E0A665A32001721EE /* IGEdgeDockablePanel.m in Sources */ = {isa = PBXBuildFile; fileRef = 4E75736A0A665A32001721EE /* IGEdgeDockablePanel.m */; };
		4E75736F0A665A32001721EE /* IGEdgeDockablePanelWithKey.h in Headers */ = {isa = PBXBuildFile; fileRef = 4E75736B0A665A32001721EE /* IGEdgeDockablePanelWithKey.h */; };
		4E7573700A665A32001721EE /* IGEdgeDockablePanelWithKey.m in Sources */ = {isa = PBXBuildFile; fileRef = 4E75736C0A665A32001721EE /* IGEdgeDockablePanelWithKey.m */; };
		4EB1F4E909864F5100D1533D /* CartoucheController.h in Headers */ = {isa = PBXBuildFile; fileRef = 4E573BA104FA608700F265BD /* CartoucheController.h */; };
		4EB1F4EB09864F5100D1533D /* FormatGlyphController.h in Headers */ = {isa = PBXBuildFile; fileRef = 4E573BA504FA608700F265BD /* FormatGlyphController.h */; };
		4EB1F4EC09864F5100D1533D /* HieroglyphsController.h in Headers */ = {isa = PBXBuildFile; fileRef = 4E573BA704FA608700F265BD /* HieroglyphsController.h */; };
		4EB1F4ED09864F5100D1533D /* LineController.h in Headers */ = {isa = PBXBuildFile; fileRef = 4E573BA904FA608700F265BD /* LineController.h */; };
		4EB1F4EE09864F5100D1533D /* ObjectsController.h in Headers */ = {isa = PBXBuildFile; fileRef = 4E573BAB04FA608700F265BD /* ObjectsController.h */; };
		4EB1F4EF09864F5100D1533D /* PreferencesController.h in Headers */ = {isa = PBXBuildFile; fileRef = 4E573BAD04FA608700F265BD /* PreferencesController.h */; };
		4EB1F4F009864F5100D1533D /* TipsController.h in Headers */ = {isa = PBXBuildFile; fileRef = 4E573BAF04FA608700F265BD /* TipsController.h */; };
		4EB1F4F109864F5100D1533D /* WritingDirectionController.h in Headers */ = {isa = PBXBuildFile; fileRef = 4E573BB104FA608700F265BD /* WritingDirectionController.h */; };
		4EB1F4F209864F5100D1533D /* IGlyphDelegate.h in Headers */ = {isa = PBXBuildFile; fileRef = 4E573BE304FA61C300F265BD /* IGlyphDelegate.h */; };
		4EB1F4F309864F5100D1533D /* IGGraphicView.h in Headers */ = {isa = PBXBuildFile; fileRef = 4EF496E2050F5D010016C459 /* IGGraphicView.h */; };
		4EB1F4F409864F5100D1533D /* IGFontData.h in Headers */ = {isa = PBXBuildFile; fileRef = 4E712BAD052195FB00BA812E /* IGFontData.h */; };
		4EB1F4F509864F5100D1533D /* IGDocumentWindowController.h in Headers */ = {isa = PBXBuildFile; fileRef = 4EFBE44F0647B97900AEE351 /* IGDocumentWindowController.h */; };
		4EB1F4F609864F5100D1533D /* IGGraphic.h in Headers */ = {isa = PBXBuildFile; fileRef = 4EFBE4540647C28A00AEE351 /* IGGraphic.h */; };
		4EB1F4F709864F5100D1533D /* IGRectangle.h in Headers */ = {isa = PBXBuildFile; fileRef = 4EFBE4580647C38300AEE351 /* IGRectangle.h */; };
		4EB1F4F809864F5100D1533D /* IGCircle.h in Headers */ = {isa = PBXBuildFile; fileRef = 4EFBE45C0647C3E200AEE351 /* IGCircle.h */; };
		4EB1F4F909864F5100D1533D /* IGLine.h in Headers */ = {isa = PBXBuildFile; fileRef = 4EFBE4600647C42300AEE351 /* IGLine.h */; };
		4EB1F4FA09864F5100D1533D /* IGTextArea.h in Headers */ = {isa = PBXBuildFile; fileRef = 4EFBE4640647C46500AEE351 /* IGTextArea.h */; };
		4EB1F4FB09864F5100D1533D /* IGCartouche.h in Headers */ = {isa = PBXBuildFile; fileRef = 4EFBE4680647C4B100AEE351 /* IGCartouche.h */; };
		4EB1F4FC09864F5100D1533D /* IGPageNr.h in Headers */ = {isa = PBXBuildFile; fileRef = 4EFBE46C0647C53100AEE351 /* IGPageNr.h */; };
		4EB1F4FD09864F5100D1533D /* IGRubric.h in Headers */ = {isa = PBXBuildFile; fileRef = 4EFBE4700647C57300AEE351 /* IGRubric.h */; };
		4EB1F4FE09864F5100D1533D /* IGDestroyed.h in Headers */ = {isa = PBXBuildFile; fileRef = 4EFBE4740647C6FC00AEE351 /* IGDestroyed.h */; };
		4EB1F4FF09864F5100D1533D /* IGArc.h in Headers */ = {isa = PBXBuildFile; fileRef = 4EFBE4780647C72D00AEE351 /* IGArc.h */; };
		4EB1F50009864F5100D1533D /* IGGlyph.h in Headers */ = {isa = PBXBuildFile; fileRef = 4EFBE47C0647C76C00AEE351 /* IGGlyph.h */; };
		4EB1F50109864F5100D1533D /* IGDrawDocument.h in Headers */ = {isa = PBXBuildFile; fileRef = 4EFBE4800647D76200AEE351 /* IGDrawDocument.h */; };
		4EB1F50209864F5100D1533D /* IGRenderingView.h in Headers */ = {isa = PBXBuildFile; fileRef = 4EFBE7B10648F53B00AEE351 /* IGRenderingView.h */; };
		4EB1F50309864F5100D1533D /* IGFoundationExtras.h in Headers */ = {isa = PBXBuildFile; fileRef = 4EFBE7B80649276D00AEE351 /* IGFoundationExtras.h */; };
		4EB1F50409864F5100D1533D /* IGImage.h in Headers */ = {isa = PBXBuildFile; fileRef = 4EDA686E064BA50B009CE3E6 /* IGImage.h */; };
		4EB1F50509864F5100D1533D /* IGGridView.h in Headers */ = {isa = PBXBuildFile; fileRef = 4EDA68C9064BAE75009CE3E6 /* IGGridView.h */; };
		4EB1F50609864F5100D1533D /* IGZoomScrollView.h in Headers */ = {isa = PBXBuildFile; fileRef = 4EFE35D306747A6800743130 /* IGZoomScrollView.h */; };
		4EB1F50709864F5100D1533D /* IGBackgroundView.h in Headers */ = {isa = PBXBuildFile; fileRef = 4ED518FB0675ACD200966A46 /* IGBackgroundView.h */; };
		4EB1F50809864F5100D1533D /* IGSupView.h in Headers */ = {isa = PBXBuildFile; fileRef = 4EDBD2E40675EF4E00E85E0C /* IGSupView.h */; };
		4EB1F50909864F5100D1533D /* IGCenteringClipView.h in Headers */ = {isa = PBXBuildFile; fileRef = 320841B506760E4E00F2B07D /* IGCenteringClipView.h */; };
		4EB1F50A09864F5100D1533D /* IGHieroglyphsTableView.h in Headers */ = {isa = PBXBuildFile; fileRef = 4EED813506AD349D00ADEF7E /* IGHieroglyphsTableView.h */; };
		4EB1F50B09864F5100D1533D /* PageNrController.h in Headers */ = {isa = PBXBuildFile; fileRef = 32ADB325075E6CBD006329AC /* PageNrController.h */; };
		4EB1F50E09864F5100D1533D /* IGInspectorController.h in Headers */ = {isa = PBXBuildFile; fileRef = 32EDE991087489D700104997 /* IGInspectorController.h */; };
		4EB1F51B09864F6800D1533D /* IGFonts in Resources */ = {isa = PBXBuildFile; fileRef = 3226B91D07E9124E0069519A /* IGFonts */; };
		4EB1F51C09864F6800D1533D /* IG_GlyphCodes.txt in Resources */ = {isa = PBXBuildFile; fileRef = 3226BB8D07E9136D0069519A /* IG_GlyphCodes.txt */; };
		4EB1F51E09864F6800D1533D /* Credits.html in Resources */ = {isa = PBXBuildFile; fileRef = 3226BE1607E9C1E80069519A /* Credits.html */; };
		4EB1F51F09864F6800D1533D /* iGlyphHelp in Resources */ = {isa = PBXBuildFile; fileRef = 3213789A0873453B000583E2 /* iGlyphHelp */; };
		4EB1F55309864F8700D1533D /* main.m in Sources */ = {isa = PBXBuildFile; fileRef = 29B97316FDCFA39411CA2CEA /* main.m */; };
		4EB1F55409864F8700D1533D /* CartoucheController.m in Sources */ = {isa = PBXBuildFile; fileRef = 4E573BA204FA608700F265BD /* CartoucheController.m */; };
		4EB1F55609864F8700D1533D /* FormatGlyphController.m in Sources */ = {isa = PBXBuildFile; fileRef = 4E573BA604FA608700F265BD /* FormatGlyphController.m */; };
		4EB1F55709864F8700D1533D /* HieroglyphsController.m in Sources */ = {isa = PBXBuildFile; fileRef = 4E573BA804FA608700F265BD /* HieroglyphsController.m */; };
		4EB1F55809864F8700D1533D /* LineController.m in Sources */ = {isa = PBXBuildFile; fileRef = 4E573BAA04FA608700F265BD /* LineController.m */; };
		4EB1F55909864F8700D1533D /* ObjectsController.m in Sources */ = {isa = PBXBuildFile; fileRef = 4E573BAC04FA608700F265BD /* ObjectsController.m */; };
		4EB1F55A09864F8700D1533D /* PreferencesController.m in Sources */ = {isa = PBXBuildFile; fileRef = 4E573BAE04FA608700F265BD /* PreferencesController.m */; };
		4EB1F55B09864F8700D1533D /* TipsController.m in Sources */ = {isa = PBXBuildFile; fileRef = 4E573BB004FA608700F265BD /* TipsController.m */; };
		4EB1F55C09864F8700D1533D /* WritingDirectionController.m in Sources */ = {isa = PBXBuildFile; fileRef = 4E573BB204FA608700F265BD /* WritingDirectionController.m */; };
		4EB1F55D09864F8700D1533D /* IGlyphDelegate.m in Sources */ = {isa = PBXBuildFile; fileRef = 4E6D4F08050F338000EE12B7 /* IGlyphDelegate.m */; };
		4EB1F55E09864F8700D1533D /* IGGraphicView.m in Sources */ = {isa = PBXBuildFile; fileRef = 4EF496E3050F5D010016C459 /* IGGraphicView.m */; };
		4EB1F55F09864F8700D1533D /* IGFontData.m in Sources */ = {isa = PBXBuildFile; fileRef = 4E712BAE052195FB00BA812E /* IGFontData.m */; };
		4EB1F56009864F8700D1533D /* IGDocumentWindowController.m in Sources */ = {isa = PBXBuildFile; fileRef = 4EFBE4500647B97900AEE351 /* IGDocumentWindowController.m */; };
		4EB1F56109864F8700D1533D /* IGGraphic.m in Sources */ = {isa = PBXBuildFile; fileRef = 4EFBE4550647C28A00AEE351 /* IGGraphic.m */; };
		4EB1F56209864F8700D1533D /* IGRectangle.m in Sources */ = {isa = PBXBuildFile; fileRef = 4EFBE4590647C38300AEE351 /* IGRectangle.m */; };
		4EB1F56309864F8700D1533D /* IGCircle.m in Sources */ = {isa = PBXBuildFile; fileRef = 4EFBE45D0647C3E200AEE351 /* IGCircle.m */; };
		4EB1F56409864F8700D1533D /* IGLine.m in Sources */ = {isa = PBXBuildFile; fileRef = 4EFBE4610647C42300AEE351 /* IGLine.m */; };
		4EB1F56509864F8700D1533D /* IGTextArea.m in Sources */ = {isa = PBXBuildFile; fileRef = 4EFBE4650647C46500AEE351 /* IGTextArea.m */; };
		4EB1F56609864F8700D1533D /* IGCartouche.m in Sources */ = {isa = PBXBuildFile; fileRef = 4EFBE4690647C4B100AEE351 /* IGCartouche.m */; };
		4EB1F56709864F8700D1533D /* IGPageNr.m in Sources */ = {isa = PBXBuildFile; fileRef = 4EFBE46D0647C53100AEE351 /* IGPageNr.m */; };
		4EB1F56809864F8700D1533D /* IGRubric.m in Sources */ = {isa = PBXBuildFile; fileRef = 4EFBE4710647C57300AEE351 /* IGRubric.m */; };
		4EB1F56909864F8700D1533D /* IGDestroyed.m in Sources */ = {isa = PBXBuildFile; fileRef = 4EFBE4750647C6FC00AEE351 /* IGDestroyed.m */; };
		4EB1F56A09864F8700D1533D /* IGArc.m in Sources */ = {isa = PBXBuildFile; fileRef = 4EFBE4790647C72D00AEE351 /* IGArc.m */; };
		4EB1F56B09864F8700D1533D /* IGGlyph.m in Sources */ = {isa = PBXBuildFile; fileRef = 4EFBE47D0647C76C00AEE351 /* IGGlyph.m */; };
		4EB1F56C09864F8700D1533D /* IGDrawDocument.m in Sources */ = {isa = PBXBuildFile; fileRef = 4EFBE4810647D76200AEE351 /* IGDrawDocument.m */; };
		4EB1F56D09864F8700D1533D /* IGRenderingView.m in Sources */ = {isa = PBXBuildFile; fileRef = 4EFBE7B20648F53B00AEE351 /* IGRenderingView.m */; };
		4EB1F56E09864F8700D1533D /* IGFoundationExtras.m in Sources */ = {isa = PBXBuildFile; fileRef = 4EFBE7B90649276D00AEE351 /* IGFoundationExtras.m */; };
		4EB1F56F09864F8700D1533D /* IGImage.m in Sources */ = {isa = PBXBuildFile; fileRef = 4EDA686F064BA50B009CE3E6 /* IGImage.m */; };
		4EB1F57009864F8700D1533D /* IGGridView.m in Sources */ = {isa = PBXBuildFile; fileRef = 4EDA68CA064BAE75009CE3E6 /* IGGridView.m */; };
		4EB1F57109864F8700D1533D /* IGZoomScrollView.m in Sources */ = {isa = PBXBuildFile; fileRef = 4EFE35D406747A6800743130 /* IGZoomScrollView.m */; };
		4EB1F57209864F8700D1533D /* IGBackgroundView.m in Sources */ = {isa = PBXBuildFile; fileRef = 4ED518FC0675ACD200966A46 /* IGBackgroundView.m */; };
		4EB1F57309864F8700D1533D /* IGSupView.m in Sources */ = {isa = PBXBuildFile; fileRef = 4EDBD2E50675EF4E00E85E0C /* IGSupView.m */; };
		4EB1F57409864F8700D1533D /* IGCenteringClipView.m in Sources */ = {isa = PBXBuildFile; fileRef = 320841B606760E4E00F2B07D /* IGCenteringClipView.m */; };
		4EB1F57509864F8700D1533D /* IGHieroglyphsTableView.m in Sources */ = {isa = PBXBuildFile; fileRef = 4EED813606AD349D00ADEF7E /* IGHieroglyphsTableView.m */; };
		4EB1F57609864F8700D1533D /* PageNrController.m in Sources */ = {isa = PBXBuildFile; fileRef = 32ADB326075E6CBD006329AC /* PageNrController.m */; };
		4EB1F57909864F8700D1533D /* IGInspectorController.m in Sources */ = {isa = PBXBuildFile; fileRef = 32EDE992087489D700104997 /* IGInspectorController.m */; };
/* End PBXBuildFile section */

/* Begin PBXContainerItemProxy section */
		32C5504A202CE60400EC9B16 /* PBXContainerItemProxy */ = {
			isa = PBXContainerItemProxy;
			containerPortal = 29B97313FDCFA39411CA2CEA /* Project object */;
			proxyType = 1;
			remoteGlobalIDString = 4EB1F4DF09864EBB00D1533D;
			remoteInfo = iGlyph;
		};
/* End PBXContainerItemProxy section */

/* Begin PBXCopyFilesBuildPhase section */
		327B7D360B94E15900BAEB3A /* Copy Frameworks */ = {
			isa = PBXCopyFilesBuildPhase;
			buildActionMask = 2147483647;
			dstPath = "";
			dstSubfolderSpec = 10;
			files = (
			);
			name = "Copy Frameworks";
			runOnlyForDeploymentPostprocessing = 0;
		};
/* End PBXCopyFilesBuildPhase section */

/* Begin PBXFileReference section */
		29B97316FDCFA39411CA2CEA /* main.m */ = {isa = PBXFileReference; fileEncoding = 30; lastKnownFileType = sourcecode.c.objc; name = main.m; path = iGlyph/main.m; sourceTree = "<group>"; };
		320841B506760E4E00F2B07D /* IGCenteringClipView.h */ = {isa = PBXFileReference; fileEncoding = 30; lastKnownFileType = sourcecode.c.h; name = IGCenteringClipView.h; path = iGlyph/IGCenteringClipView.h; sourceTree = "<group>"; };
		320841B606760E4E00F2B07D /* IGCenteringClipView.m */ = {isa = PBXFileReference; fileEncoding = 30; lastKnownFileType = sourcecode.c.objc; name = IGCenteringClipView.m; path = iGlyph/IGCenteringClipView.m; sourceTree = "<group>"; };
		3213781308734531000583E2 /* English */ = {isa = PBXFileReference; lastKnownFileType = folder; name = English; path = iGlyph/English.lproj/iGlyphHelp; sourceTree = "<group>"; };
		3226B91D07E9124E0069519A /* IGFonts */ = {isa = PBXFileReference; lastKnownFileType = folder; name = IGFonts; path = iGlyph/IGFonts; sourceTree = "<group>"; };
		3226BB8D07E9136D0069519A /* IG_GlyphCodes.txt */ = {isa = PBXFileReference; fileEncoding = 30; lastKnownFileType = text; name = IG_GlyphCodes.txt; path = iGlyph/IG_GlyphCodes.txt; sourceTree = "<group>"; };
		3226BE1607E9C1E80069519A /* Credits.html */ = {isa = PBXFileReference; fileEncoding = 4; lastKnownFileType = text.html; name = Credits.html; path = iGlyph/Credits.html; sourceTree = "<group>"; };
		32729C91202F92020016626C /* iGlyph-Bridging-Header.h */ = {isa = PBXFileReference; lastKnownFileType = sourcecode.c.h; path = "iGlyph-Bridging-Header.h"; sourceTree = "<group>"; };
		32729C92202F92030016626C /* AppDelegate.swift */ = {isa = PBXFileReference; lastKnownFileType = sourcecode.swift; path = AppDelegate.swift; sourceTree = "<group>"; };
		32ADB325075E6CBD006329AC /* PageNrController.h */ = {isa = PBXFileReference; fileEncoding = 4; lastKnownFileType = sourcecode.c.h; name = PageNrController.h; path = iGlyph/PageNrController.h; sourceTree = "<group>"; };
		32ADB326075E6CBD006329AC /* PageNrController.m */ = {isa = PBXFileReference; fileEncoding = 4; lastKnownFileType = sourcecode.c.objc; name = PageNrController.m; path = iGlyph/PageNrController.m; sourceTree = "<group>"; };
		32B68E5F2030CEC8000CFA9D /* English */ = {isa = PBXFileReference; lastKnownFileType = file.xib; name = English; path = iGlyph/English.lproj/DocumentWindow.xib; sourceTree = "<group>"; };
		32B68E612030CEC8000CFA9D /* English */ = {isa = PBXFileReference; lastKnownFileType = file.xib; name = English; path = iGlyph/English.lproj/MainMenu.xib; sourceTree = "<group>"; };
		32B68E652030CF2D000CFA9D /* English */ = {isa = PBXFileReference; lastKnownFileType = file.xib; name = English; path = iGlyph/English.lproj/WritingDirection.xib; sourceTree = "<group>"; };
		32B68E672030CF2D000CFA9D /* English */ = {isa = PBXFileReference; lastKnownFileType = file.xib; name = English; path = iGlyph/English.lproj/Inspector.xib; sourceTree = "<group>"; };
		32B68E692030CF2E000CFA9D /* English */ = {isa = PBXFileReference; lastKnownFileType = file.xib; name = English; path = iGlyph/English.lproj/Line.xib; sourceTree = "<group>"; };
		32B68E6B2030CF2E000CFA9D /* English */ = {isa = PBXFileReference; lastKnownFileType = file.xib; name = English; path = iGlyph/English.lproj/Hieroglyphs.xib; sourceTree = "<group>"; };
		32B68E6D2030CF2E000CFA9D /* English */ = {isa = PBXFileReference; lastKnownFileType = file.xib; name = English; path = iGlyph/English.lproj/Cartouche.xib; sourceTree = "<group>"; };
		32B68E6F2030CF2E000CFA9D /* English */ = {isa = PBXFileReference; lastKnownFileType = file.xib; name = English; path = iGlyph/English.lproj/Objects.xib; sourceTree = "<group>"; };
		32B68E712030CF2E000CFA9D /* English */ = {isa = PBXFileReference; lastKnownFileType = file.xib; name = English; path = iGlyph/English.lproj/PageNr.xib; sourceTree = "<group>"; };
		32B68E732030CF2E000CFA9D /* English */ = {isa = PBXFileReference; lastKnownFileType = file.xib; name = English; path = iGlyph/English.lproj/FormatGlyph.xib; sourceTree = "<group>"; };
		32B68E7D2030CF3F000CFA9D /* English */ = {isa = PBXFileReference; lastKnownFileType = file.xib; name = English; path = iGlyph/English.lproj/Preferences.xib; sourceTree = "<group>"; };
		32B68E7F2030CF3F000CFA9D /* English */ = {isa = PBXFileReference; lastKnownFileType = file.xib; name = English; path = iGlyph/English.lproj/Tips.xib; sourceTree = "<group>"; };
		32B68E892030F97D000CFA9D /* SidebarViewController.swift */ = {isa = PBXFileReference; lastKnownFileType = sourcecode.swift; name = SidebarViewController.swift; path = iGlyph/SidebarViewController.swift; sourceTree = "<group>"; };
		32B68E8A2030F97D000CFA9D /* SidebarViewController.xib */ = {isa = PBXFileReference; lastKnownFileType = file.xib; name = SidebarViewController.xib; path = iGlyph/SidebarViewController.xib; sourceTree = "<group>"; };
		32C55045202CE60400EC9B16 /* iGlyphTests.xctest */ = {isa = PBXFileReference; explicitFileType = wrapper.cfbundle; includeInIndex = 0; path = iGlyphTests.xctest; sourceTree = BUILT_PRODUCTS_DIR; };
		32C55047202CE60400EC9B16 /* iGlyphTests.m */ = {isa = PBXFileReference; lastKnownFileType = sourcecode.c.objc; path = iGlyphTests.m; sourceTree = "<group>"; };
		32C55049202CE60400EC9B16 /* Info.plist */ = {isa = PBXFileReference; lastKnownFileType = text.plist.xml; path = Info.plist; sourceTree = "<group>"; };
		32C55050202CF59200EC9B16 /* Cocoa.framework */ = {isa = PBXFileReference; lastKnownFileType = wrapper.framework; name = Cocoa.framework; path = System/Library/Frameworks/Cocoa.framework; sourceTree = SDKROOT; };
		32CA4F630368D1EE00C91783 /* IGlyph_Prefix.pch */ = {isa = PBXFileReference; fileEncoding = 4; lastKnownFileType = sourcecode.c.h; name = IGlyph_Prefix.pch; path = iGlyph/IGlyph_Prefix.pch; sourceTree = "<group>"; };
		32D11B46F2DC0892A0F0F74A /* Pods-iGlyph.debug.xcconfig */ = {isa = PBXFileReference; includeInIndex = 1; lastKnownFileType = text.xcconfig; name = "Pods-iGlyph.debug.xcconfig"; path = "Pods/Target Support Files/Pods-iGlyph/Pods-iGlyph.debug.xcconfig"; sourceTree = "<group>"; };
		32E58EAE202CA69300946AF1 /* images */ = {isa = PBXFileReference; lastKnownFileType = folder; name = images; path = iGlyph/images; sourceTree = "<group>"; };
		32E58EB0202CA71800946AF1 /* Images.xcassets */ = {isa = PBXFileReference; lastKnownFileType = folder.assetcatalog; name = Images.xcassets; path = iGlyph/Images.xcassets; sourceTree = "<group>"; };
		32EDE991087489D700104997 /* IGInspectorController.h */ = {isa = PBXFileReference; fileEncoding = 4; lastKnownFileType = sourcecode.c.h; name = IGInspectorController.h; path = iGlyph/IGInspectorController.h; sourceTree = "<group>"; };
		32EDE992087489D700104997 /* IGInspectorController.m */ = {isa = PBXFileReference; fileEncoding = 4; lastKnownFileType = sourcecode.c.objc; name = IGInspectorController.m; path = iGlyph/IGInspectorController.m; sourceTree = "<group>"; };
		4E573BA104FA608700F265BD /* CartoucheController.h */ = {isa = PBXFileReference; fileEncoding = 30; lastKnownFileType = sourcecode.c.h; name = CartoucheController.h; path = iGlyph/CartoucheController.h; sourceTree = "<group>"; };
		4E573BA204FA608700F265BD /* CartoucheController.m */ = {isa = PBXFileReference; fileEncoding = 4; lastKnownFileType = sourcecode.c.objc; name = CartoucheController.m; path = iGlyph/CartoucheController.m; sourceTree = "<group>"; };
		4E573BA504FA608700F265BD /* FormatGlyphController.h */ = {isa = PBXFileReference; fileEncoding = 30; lastKnownFileType = sourcecode.c.h; name = FormatGlyphController.h; path = iGlyph/FormatGlyphController.h; sourceTree = "<group>"; };
		4E573BA604FA608700F265BD /* FormatGlyphController.m */ = {isa = PBXFileReference; fileEncoding = 30; lastKnownFileType = sourcecode.c.objc; name = FormatGlyphController.m; path = iGlyph/FormatGlyphController.m; sourceTree = "<group>"; };
		4E573BA704FA608700F265BD /* HieroglyphsController.h */ = {isa = PBXFileReference; fileEncoding = 30; lastKnownFileType = sourcecode.c.h; name = HieroglyphsController.h; path = iGlyph/HieroglyphsController.h; sourceTree = "<group>"; };
		4E573BA804FA608700F265BD /* HieroglyphsController.m */ = {isa = PBXFileReference; fileEncoding = 30; lastKnownFileType = sourcecode.c.objc; name = HieroglyphsController.m; path = iGlyph/HieroglyphsController.m; sourceTree = "<group>"; };
		4E573BA904FA608700F265BD /* LineController.h */ = {isa = PBXFileReference; fileEncoding = 30; lastKnownFileType = sourcecode.c.h; name = LineController.h; path = iGlyph/LineController.h; sourceTree = "<group>"; };
		4E573BAA04FA608700F265BD /* LineController.m */ = {isa = PBXFileReference; fileEncoding = 30; lastKnownFileType = sourcecode.c.objc; name = LineController.m; path = iGlyph/LineController.m; sourceTree = "<group>"; };
		4E573BAB04FA608700F265BD /* ObjectsController.h */ = {isa = PBXFileReference; fileEncoding = 30; lastKnownFileType = sourcecode.c.h; name = ObjectsController.h; path = iGlyph/ObjectsController.h; sourceTree = "<group>"; };
		4E573BAC04FA608700F265BD /* ObjectsController.m */ = {isa = PBXFileReference; fileEncoding = 30; lastKnownFileType = sourcecode.c.objc; name = ObjectsController.m; path = iGlyph/ObjectsController.m; sourceTree = "<group>"; };
		4E573BAD04FA608700F265BD /* PreferencesController.h */ = {isa = PBXFileReference; fileEncoding = 30; lastKnownFileType = sourcecode.c.h; name = PreferencesController.h; path = iGlyph/PreferencesController.h; sourceTree = "<group>"; };
		4E573BAE04FA608700F265BD /* PreferencesController.m */ = {isa = PBXFileReference; fileEncoding = 30; lastKnownFileType = sourcecode.c.objc; name = PreferencesController.m; path = iGlyph/PreferencesController.m; sourceTree = "<group>"; };
		4E573BAF04FA608700F265BD /* TipsController.h */ = {isa = PBXFileReference; fileEncoding = 30; lastKnownFileType = sourcecode.c.h; name = TipsController.h; path = iGlyph/TipsController.h; sourceTree = "<group>"; };
		4E573BB004FA608700F265BD /* TipsController.m */ = {isa = PBXFileReference; fileEncoding = 30; lastKnownFileType = sourcecode.c.objc; name = TipsController.m; path = iGlyph/TipsController.m; sourceTree = "<group>"; };
		4E573BB104FA608700F265BD /* WritingDirectionController.h */ = {isa = PBXFileReference; fileEncoding = 30; lastKnownFileType = sourcecode.c.h; name = WritingDirectionController.h; path = iGlyph/WritingDirectionController.h; sourceTree = "<group>"; };
		4E573BB204FA608700F265BD /* WritingDirectionController.m */ = {isa = PBXFileReference; fileEncoding = 30; lastKnownFileType = sourcecode.c.objc; name = WritingDirectionController.m; path = iGlyph/WritingDirectionController.m; sourceTree = "<group>"; };
		4E573BE304FA61C300F265BD /* IGlyphDelegate.h */ = {isa = PBXFileReference; fileEncoding = 30; lastKnownFileType = sourcecode.c.h; path = IGlyphDelegate.h; sourceTree = "<group>"; };
		4E6D4F08050F338000EE12B7 /* IGlyphDelegate.m */ = {isa = PBXFileReference; fileEncoding = 4; lastKnownFileType = sourcecode.c.objc; path = IGlyphDelegate.m; sourceTree = "<group>"; };
		4E712BAD052195FB00BA812E /* IGFontData.h */ = {isa = PBXFileReference; fileEncoding = 30; lastKnownFileType = sourcecode.c.h; name = IGFontData.h; path = iGlyph/IGFontData.h; sourceTree = "<group>"; };
		4E712BAE052195FB00BA812E /* IGFontData.m */ = {isa = PBXFileReference; fileEncoding = 30; lastKnownFileType = sourcecode.c.objc; name = IGFontData.m; path = iGlyph/IGFontData.m; sourceTree = "<group>"; };
		4E7573690A665A32001721EE /* IGEdgeDockablePanel.h */ = {isa = PBXFileReference; fileEncoding = 4; lastKnownFileType = sourcecode.c.h; name = IGEdgeDockablePanel.h; path = iGlyph/IGEdgeDockablePanel.h; sourceTree = "<group>"; };
		4E75736A0A665A32001721EE /* IGEdgeDockablePanel.m */ = {isa = PBXFileReference; fileEncoding = 4; lastKnownFileType = sourcecode.c.objc; name = IGEdgeDockablePanel.m; path = iGlyph/IGEdgeDockablePanel.m; sourceTree = "<group>"; };
		4E75736B0A665A32001721EE /* IGEdgeDockablePanelWithKey.h */ = {isa = PBXFileReference; fileEncoding = 4; lastKnownFileType = sourcecode.c.h; name = IGEdgeDockablePanelWithKey.h; path = iGlyph/IGEdgeDockablePanelWithKey.h; sourceTree = "<group>"; };
		4E75736C0A665A32001721EE /* IGEdgeDockablePanelWithKey.m */ = {isa = PBXFileReference; fileEncoding = 4; lastKnownFileType = sourcecode.c.objc; name = IGEdgeDockablePanelWithKey.m; path = iGlyph/IGEdgeDockablePanelWithKey.m; sourceTree = "<group>"; };
		4EB1F4E009864EBB00D1533D /* iGlyph.app */ = {isa = PBXFileReference; explicitFileType = wrapper.application; includeInIndex = 0; path = iGlyph.app; sourceTree = BUILT_PRODUCTS_DIR; };
		4ED518FB0675ACD200966A46 /* IGBackgroundView.h */ = {isa = PBXFileReference; fileEncoding = 4; lastKnownFileType = sourcecode.c.h; name = IGBackgroundView.h; path = iGlyph/IGBackgroundView.h; sourceTree = "<group>"; };
		4ED518FC0675ACD200966A46 /* IGBackgroundView.m */ = {isa = PBXFileReference; fileEncoding = 4; lastKnownFileType = sourcecode.c.objc; name = IGBackgroundView.m; path = iGlyph/IGBackgroundView.m; sourceTree = "<group>"; };
		4EDA686E064BA50B009CE3E6 /* IGImage.h */ = {isa = PBXFileReference; fileEncoding = 4; lastKnownFileType = sourcecode.c.h; name = IGImage.h; path = iGlyph/IGImage.h; sourceTree = "<group>"; };
		4EDA686F064BA50B009CE3E6 /* IGImage.m */ = {isa = PBXFileReference; fileEncoding = 4; lastKnownFileType = sourcecode.c.objc; name = IGImage.m; path = iGlyph/IGImage.m; sourceTree = "<group>"; };
		4EDA68C9064BAE75009CE3E6 /* IGGridView.h */ = {isa = PBXFileReference; fileEncoding = 4; lastKnownFileType = sourcecode.c.h; name = IGGridView.h; path = iGlyph/IGGridView.h; sourceTree = "<group>"; };
		4EDA68CA064BAE75009CE3E6 /* IGGridView.m */ = {isa = PBXFileReference; fileEncoding = 4; lastKnownFileType = sourcecode.c.objc; name = IGGridView.m; path = iGlyph/IGGridView.m; sourceTree = "<group>"; };
		4EDBD2E40675EF4E00E85E0C /* IGSupView.h */ = {isa = PBXFileReference; fileEncoding = 4; lastKnownFileType = sourcecode.c.h; name = IGSupView.h; path = iGlyph/IGSupView.h; sourceTree = "<group>"; };
		4EDBD2E50675EF4E00E85E0C /* IGSupView.m */ = {isa = PBXFileReference; fileEncoding = 4; lastKnownFileType = sourcecode.c.objc; name = IGSupView.m; path = iGlyph/IGSupView.m; sourceTree = "<group>"; };
		4EED813506AD349D00ADEF7E /* IGHieroglyphsTableView.h */ = {isa = PBXFileReference; fileEncoding = 4; lastKnownFileType = sourcecode.c.h; name = IGHieroglyphsTableView.h; path = iGlyph/IGHieroglyphsTableView.h; sourceTree = "<group>"; };
		4EED813606AD349D00ADEF7E /* IGHieroglyphsTableView.m */ = {isa = PBXFileReference; fileEncoding = 4; lastKnownFileType = sourcecode.c.objc; name = IGHieroglyphsTableView.m; path = iGlyph/IGHieroglyphsTableView.m; sourceTree = "<group>"; };
		4EF496E2050F5D010016C459 /* IGGraphicView.h */ = {isa = PBXFileReference; fileEncoding = 4; lastKnownFileType = sourcecode.c.h; name = IGGraphicView.h; path = iGlyph/IGGraphicView.h; sourceTree = "<group>"; };
		4EF496E3050F5D010016C459 /* IGGraphicView.m */ = {isa = PBXFileReference; fileEncoding = 4; lastKnownFileType = sourcecode.c.objc; name = IGGraphicView.m; path = iGlyph/IGGraphicView.m; sourceTree = "<group>"; };
		4EFBE44F0647B97900AEE351 /* IGDocumentWindowController.h */ = {isa = PBXFileReference; fileEncoding = 4; lastKnownFileType = sourcecode.c.h; name = IGDocumentWindowController.h; path = iGlyph/IGDocumentWindowController.h; sourceTree = "<group>"; };
		4EFBE4500647B97900AEE351 /* IGDocumentWindowController.m */ = {isa = PBXFileReference; fileEncoding = 4; lastKnownFileType = sourcecode.c.objc; name = IGDocumentWindowController.m; path = iGlyph/IGDocumentWindowController.m; sourceTree = "<group>"; };
		4EFBE4540647C28A00AEE351 /* IGGraphic.h */ = {isa = PBXFileReference; fileEncoding = 4; lastKnownFileType = sourcecode.c.h; name = IGGraphic.h; path = iGlyph/IGGraphic.h; sourceTree = "<group>"; };
		4EFBE4550647C28A00AEE351 /* IGGraphic.m */ = {isa = PBXFileReference; fileEncoding = 4; lastKnownFileType = sourcecode.c.objc; name = IGGraphic.m; path = iGlyph/IGGraphic.m; sourceTree = "<group>"; };
		4EFBE4580647C38300AEE351 /* IGRectangle.h */ = {isa = PBXFileReference; fileEncoding = 4; lastKnownFileType = sourcecode.c.h; name = IGRectangle.h; path = iGlyph/IGRectangle.h; sourceTree = "<group>"; };
		4EFBE4590647C38300AEE351 /* IGRectangle.m */ = {isa = PBXFileReference; fileEncoding = 4; lastKnownFileType = sourcecode.c.objc; name = IGRectangle.m; path = iGlyph/IGRectangle.m; sourceTree = "<group>"; };
		4EFBE45C0647C3E200AEE351 /* IGCircle.h */ = {isa = PBXFileReference; fileEncoding = 4; lastKnownFileType = sourcecode.c.h; name = IGCircle.h; path = iGlyph/IGCircle.h; sourceTree = "<group>"; };
		4EFBE45D0647C3E200AEE351 /* IGCircle.m */ = {isa = PBXFileReference; fileEncoding = 4; lastKnownFileType = sourcecode.c.objc; name = IGCircle.m; path = iGlyph/IGCircle.m; sourceTree = "<group>"; };
		4EFBE4600647C42300AEE351 /* IGLine.h */ = {isa = PBXFileReference; fileEncoding = 4; lastKnownFileType = sourcecode.c.h; name = IGLine.h; path = iGlyph/IGLine.h; sourceTree = "<group>"; };
		4EFBE4610647C42300AEE351 /* IGLine.m */ = {isa = PBXFileReference; fileEncoding = 4; lastKnownFileType = sourcecode.c.objc; name = IGLine.m; path = iGlyph/IGLine.m; sourceTree = "<group>"; };
		4EFBE4640647C46500AEE351 /* IGTextArea.h */ = {isa = PBXFileReference; fileEncoding = 4; lastKnownFileType = sourcecode.c.h; name = IGTextArea.h; path = iGlyph/IGTextArea.h; sourceTree = "<group>"; };
		4EFBE4650647C46500AEE351 /* IGTextArea.m */ = {isa = PBXFileReference; fileEncoding = 4; lastKnownFileType = sourcecode.c.objc; name = IGTextArea.m; path = iGlyph/IGTextArea.m; sourceTree = "<group>"; };
		4EFBE4680647C4B100AEE351 /* IGCartouche.h */ = {isa = PBXFileReference; fileEncoding = 4; lastKnownFileType = sourcecode.c.h; name = IGCartouche.h; path = iGlyph/IGCartouche.h; sourceTree = "<group>"; };
		4EFBE4690647C4B100AEE351 /* IGCartouche.m */ = {isa = PBXFileReference; fileEncoding = 4; lastKnownFileType = sourcecode.c.objc; name = IGCartouche.m; path = iGlyph/IGCartouche.m; sourceTree = "<group>"; };
		4EFBE46C0647C53100AEE351 /* IGPageNr.h */ = {isa = PBXFileReference; fileEncoding = 4; lastKnownFileType = sourcecode.c.h; name = IGPageNr.h; path = iGlyph/IGPageNr.h; sourceTree = "<group>"; };
		4EFBE46D0647C53100AEE351 /* IGPageNr.m */ = {isa = PBXFileReference; fileEncoding = 4; lastKnownFileType = sourcecode.c.objc; name = IGPageNr.m; path = iGlyph/IGPageNr.m; sourceTree = "<group>"; };
		4EFBE4700647C57300AEE351 /* IGRubric.h */ = {isa = PBXFileReference; fileEncoding = 4; lastKnownFileType = sourcecode.c.h; name = IGRubric.h; path = iGlyph/IGRubric.h; sourceTree = "<group>"; };
		4EFBE4710647C57300AEE351 /* IGRubric.m */ = {isa = PBXFileReference; fileEncoding = 4; lastKnownFileType = sourcecode.c.objc; name = IGRubric.m; path = iGlyph/IGRubric.m; sourceTree = "<group>"; };
		4EFBE4740647C6FC00AEE351 /* IGDestroyed.h */ = {isa = PBXFileReference; fileEncoding = 4; lastKnownFileType = sourcecode.c.h; name = IGDestroyed.h; path = iGlyph/IGDestroyed.h; sourceTree = "<group>"; };
		4EFBE4750647C6FC00AEE351 /* IGDestroyed.m */ = {isa = PBXFileReference; fileEncoding = 4; lastKnownFileType = sourcecode.c.objc; name = IGDestroyed.m; path = iGlyph/IGDestroyed.m; sourceTree = "<group>"; };
		4EFBE4780647C72D00AEE351 /* IGArc.h */ = {isa = PBXFileReference; fileEncoding = 4; lastKnownFileType = sourcecode.c.h; name = IGArc.h; path = iGlyph/IGArc.h; sourceTree = "<group>"; };
		4EFBE4790647C72D00AEE351 /* IGArc.m */ = {isa = PBXFileReference; fileEncoding = 4; lastKnownFileType = sourcecode.c.objc; name = IGArc.m; path = iGlyph/IGArc.m; sourceTree = "<group>"; };
		4EFBE47C0647C76C00AEE351 /* IGGlyph.h */ = {isa = PBXFileReference; fileEncoding = 4; lastKnownFileType = sourcecode.c.h; name = IGGlyph.h; path = iGlyph/IGGlyph.h; sourceTree = "<group>"; };
		4EFBE47D0647C76C00AEE351 /* IGGlyph.m */ = {isa = PBXFileReference; fileEncoding = 4; lastKnownFileType = sourcecode.c.objc; name = IGGlyph.m; path = iGlyph/IGGlyph.m; sourceTree = "<group>"; };
		4EFBE4800647D76200AEE351 /* IGDrawDocument.h */ = {isa = PBXFileReference; fileEncoding = 4; lastKnownFileType = sourcecode.c.h; name = IGDrawDocument.h; path = iGlyph/IGDrawDocument.h; sourceTree = "<group>"; };
		4EFBE4810647D76200AEE351 /* IGDrawDocument.m */ = {isa = PBXFileReference; fileEncoding = 4; lastKnownFileType = sourcecode.c.objc; name = IGDrawDocument.m; path = iGlyph/IGDrawDocument.m; sourceTree = "<group>"; };
		4EFBE7B10648F53B00AEE351 /* IGRenderingView.h */ = {isa = PBXFileReference; fileEncoding = 4; lastKnownFileType = sourcecode.c.h; name = IGRenderingView.h; path = iGlyph/IGRenderingView.h; sourceTree = "<group>"; };
		4EFBE7B20648F53B00AEE351 /* IGRenderingView.m */ = {isa = PBXFileReference; fileEncoding = 4; lastKnownFileType = sourcecode.c.objc; name = IGRenderingView.m; path = iGlyph/IGRenderingView.m; sourceTree = "<group>"; };
		4EFBE7B80649276D00AEE351 /* IGFoundationExtras.h */ = {isa = PBXFileReference; fileEncoding = 4; lastKnownFileType = sourcecode.c.h; name = IGFoundationExtras.h; path = iGlyph/IGFoundationExtras.h; sourceTree = "<group>"; };
		4EFBE7B90649276D00AEE351 /* IGFoundationExtras.m */ = {isa = PBXFileReference; fileEncoding = 4; lastKnownFileType = sourcecode.c.objc; name = IGFoundationExtras.m; path = iGlyph/IGFoundationExtras.m; sourceTree = "<group>"; };
		4EFE35D306747A6800743130 /* IGZoomScrollView.h */ = {isa = PBXFileReference; fileEncoding = 30; lastKnownFileType = sourcecode.c.h; name = IGZoomScrollView.h; path = iGlyph/IGZoomScrollView.h; sourceTree = "<group>"; };
		4EFE35D406747A6800743130 /* IGZoomScrollView.m */ = {isa = PBXFileReference; fileEncoding = 30; lastKnownFileType = sourcecode.c.objc; name = IGZoomScrollView.m; path = iGlyph/IGZoomScrollView.m; sourceTree = "<group>"; };
		8D1107310486CEB800E47090 /* Info.plist */ = {isa = PBXFileReference; fileEncoding = 4; lastKnownFileType = text.plist.xml; name = Info.plist; path = iGlyph/Info.plist; sourceTree = "<group>"; };
		90ACD51187A458674F36A69F /* Podfile */ = {isa = PBXFileReference; fileEncoding = 4; lastKnownFileType = text; path = Podfile; sourceTree = "<group>"; };
		9B90BC13245B35BF9E8F43D6 /* Pods-iGlyph.release.xcconfig */ = {isa = PBXFileReference; includeInIndex = 1; lastKnownFileType = text.xcconfig; name = "Pods-iGlyph.release.xcconfig"; path = "Pods/Target Support Files/Pods-iGlyph/Pods-iGlyph.release.xcconfig"; sourceTree = "<group>"; };
		9FADD8DD7CCA68DEB1FD9D61 /* Pods_iGlyph.framework */ = {isa = PBXFileReference; explicitFileType = wrapper.framework; includeInIndex = 0; path = Pods_iGlyph.framework; sourceTree = BUILT_PRODUCTS_DIR; };
/* End PBXFileReference section */

/* Begin PBXFrameworksBuildPhase section */
		32C55042202CE60400EC9B16 /* Frameworks */ = {
			isa = PBXFrameworksBuildPhase;
			buildActionMask = 2147483647;
			files = (
			);
			runOnlyForDeploymentPostprocessing = 0;
		};
		4EB1F4DE09864EBB00D1533D /* Frameworks */ = {
			isa = PBXFrameworksBuildPhase;
			buildActionMask = 2147483647;
			files = (
				32729C94202F947A0016626C /* Pods_iGlyph.framework in Frameworks */,
				32C55051202CF59200EC9B16 /* Cocoa.framework in Frameworks */,
			);
			runOnlyForDeploymentPostprocessing = 0;
		};
/* End PBXFrameworksBuildPhase section */

/* Begin PBXGroup section */
		0C197EF0A6DE5C546B626867 /* Pods */ = {
			isa = PBXGroup;
			children = (
				32D11B46F2DC0892A0F0F74A /* Pods-iGlyph.debug.xcconfig */,
				9B90BC13245B35BF9E8F43D6 /* Pods-iGlyph.release.xcconfig */,
			);
			name = Pods;
			sourceTree = "<group>";
		};
		19C28FACFE9D520D11CA2CBB /* Products */ = {
			isa = PBXGroup;
			children = (
				4EB1F4E009864EBB00D1533D /* iGlyph.app */,
				32C55045202CE60400EC9B16 /* iGlyphTests.xctest */,
			);
			name = Products;
			sourceTree = "<group>";
		};
		29B97314FDCFA39411CA2CEA /* VisualGlyph */ = {
			isa = PBXGroup;
			children = (
				4E573BEA04FA622400F265BD /* NSApp Delegate */,
				4E573BC904FA60A500F265BD /* Controller */,
				4EF496DF050F5C830016C459 /* Views */,
				4EFBE4530647C22000AEE351 /* Model Classes */,
				4E573BD604FA60E400F265BD /* myExtensions */,
				4E98F3E605109F3400093DBD /* Interfaces */,
				29B97315FDCFA39411CA2CEA /* Other Sources */,
				29B97317FDCFA39411CA2CEA /* Resources */,
				32C55046202CE60400EC9B16 /* iGlyphTests */,
				19C28FACFE9D520D11CA2CBB /* Products */,
				32C5504F202CF59100EC9B16 /* Frameworks */,
				90ACD51187A458674F36A69F /* Podfile */,
				0C197EF0A6DE5C546B626867 /* Pods */,
			);
			name = VisualGlyph;
			sourceTree = "<group>";
		};
		29B97315FDCFA39411CA2CEA /* Other Sources */ = {
			isa = PBXGroup;
			children = (
				32CA4F630368D1EE00C91783 /* IGlyph_Prefix.pch */,
				29B97316FDCFA39411CA2CEA /* main.m */,
			);
			name = "Other Sources";
			sourceTree = "<group>";
		};
		29B97317FDCFA39411CA2CEA /* Resources */ = {
			isa = PBXGroup;
			children = (
				32E58EB0202CA71800946AF1 /* Images.xcassets */,
				32E58EAE202CA69300946AF1 /* images */,
				3213789A0873453B000583E2 /* iGlyphHelp */,
				3226BE1607E9C1E80069519A /* Credits.html */,
				3226BB8D07E9136D0069519A /* IG_GlyphCodes.txt */,
				3226B91D07E9124E0069519A /* IGFonts */,
				8D1107310486CEB800E47090 /* Info.plist */,
			);
			name = Resources;
			sourceTree = "<group>";
		};
		32C55046202CE60400EC9B16 /* iGlyphTests */ = {
			isa = PBXGroup;
			children = (
				32C55047202CE60400EC9B16 /* iGlyphTests.m */,
				32C55049202CE60400EC9B16 /* Info.plist */,
			);
			path = iGlyphTests;
			sourceTree = "<group>";
		};
		32C5504F202CF59100EC9B16 /* Frameworks */ = {
			isa = PBXGroup;
			children = (
				32C55050202CF59200EC9B16 /* Cocoa.framework */,
				9FADD8DD7CCA68DEB1FD9D61 /* Pods_iGlyph.framework */,
			);
			name = Frameworks;
			sourceTree = "<group>";
		};
		4E573BC904FA60A500F265BD /* Controller */ = {
			isa = PBXGroup;
			children = (
				4EFBE44F0647B97900AEE351 /* IGDocumentWindowController.h */,
				4EFBE4500647B97900AEE351 /* IGDocumentWindowController.m */,
				32B68E892030F97D000CFA9D /* SidebarViewController.swift */,
				4EFBE7B80649276D00AEE351 /* IGFoundationExtras.h */,
				4EFBE7B90649276D00AEE351 /* IGFoundationExtras.m */,
				32EDE991087489D700104997 /* IGInspectorController.h */,
				32EDE992087489D700104997 /* IGInspectorController.m */,
				4E573BAB04FA608700F265BD /* ObjectsController.h */,
				4E573BAC04FA608700F265BD /* ObjectsController.m */,
				4E573BA704FA608700F265BD /* HieroglyphsController.h */,
				4E573BA804FA608700F265BD /* HieroglyphsController.m */,
				4E573BB104FA608700F265BD /* WritingDirectionController.h */,
				4E573BB204FA608700F265BD /* WritingDirectionController.m */,
				4E573BA504FA608700F265BD /* FormatGlyphController.h */,
				4E573BA604FA608700F265BD /* FormatGlyphController.m */,
				4E573BA104FA608700F265BD /* CartoucheController.h */,
				4E573BA204FA608700F265BD /* CartoucheController.m */,
				4E573BA904FA608700F265BD /* LineController.h */,
				4E573BAA04FA608700F265BD /* LineController.m */,
				4E573BAF04FA608700F265BD /* TipsController.h */,
				4E573BB004FA608700F265BD /* TipsController.m */,
				4E573BAD04FA608700F265BD /* PreferencesController.h */,
				4E573BAE04FA608700F265BD /* PreferencesController.m */,
				32ADB325075E6CBD006329AC /* PageNrController.h */,
				32ADB326075E6CBD006329AC /* PageNrController.m */,
			);
			name = Controller;
			sourceTree = "<group>";
		};
		4E573BD604FA60E400F265BD /* myExtensions */ = {
			isa = PBXGroup;
			children = (
				4E7573690A665A32001721EE /* IGEdgeDockablePanel.h */,
				4E75736A0A665A32001721EE /* IGEdgeDockablePanel.m */,
				4E75736B0A665A32001721EE /* IGEdgeDockablePanelWithKey.h */,
				4E75736C0A665A32001721EE /* IGEdgeDockablePanelWithKey.m */,
			);
			name = myExtensions;
			sourceTree = "<group>";
		};
		4E573BEA04FA622400F265BD /* NSApp Delegate */ = {
			isa = PBXGroup;
			children = (
				4E573BE304FA61C300F265BD /* IGlyphDelegate.h */,
				4E6D4F08050F338000EE12B7 /* IGlyphDelegate.m */,
				32729C92202F92030016626C /* AppDelegate.swift */,
				32729C91202F92020016626C /* iGlyph-Bridging-Header.h */,
			);
			name = "NSApp Delegate";
			path = iGlyph;
			sourceTree = "<group>";
		};
		4E573C3E04FA664A00F265BD /* Toolboxes */ = {
			isa = PBXGroup;
			children = (
				32B68E6C2030CF2E000CFA9D /* Cartouche.xib */,
				32B68E722030CF2E000CFA9D /* FormatGlyph.xib */,
				32B68E6A2030CF2E000CFA9D /* Hieroglyphs.xib */,
				32B68E662030CF2D000CFA9D /* Inspector.xib */,
				32B68E682030CF2E000CFA9D /* Line.xib */,
				32B68E6E2030CF2E000CFA9D /* Objects.xib */,
				32B68E702030CF2E000CFA9D /* PageNr.xib */,
				32B68E642030CF2D000CFA9D /* WritingDirection.xib */,
			);
			name = Toolboxes;
			sourceTree = "<group>";
		};
		4E573C4704FA66E600F265BD /* PrefAndTips */ = {
			isa = PBXGroup;
			children = (
				32B68E7C2030CF3F000CFA9D /* Preferences.xib */,
				32B68E7E2030CF3F000CFA9D /* Tips.xib */,
			);
			name = PrefAndTips;
			sourceTree = "<group>";
		};
		4E573C4C04FA672600F265BD /* Main */ = {
			isa = PBXGroup;
			children = (
				32B68E5E2030CEC8000CFA9D /* DocumentWindow.xib */,
				32B68E602030CEC8000CFA9D /* MainMenu.xib */,
				32B68E8A2030F97D000CFA9D /* SidebarViewController.xib */,
			);
			name = Main;
			sourceTree = "<group>";
		};
		4E98F3E605109F3400093DBD /* Interfaces */ = {
			isa = PBXGroup;
			children = (
				4E573C4C04FA672600F265BD /* Main */,
				4E573C3E04FA664A00F265BD /* Toolboxes */,
				4E573C4704FA66E600F265BD /* PrefAndTips */,
			);
			name = Interfaces;
			sourceTree = "<group>";
		};
		4EF496DF050F5C830016C459 /* Views */ = {
			isa = PBXGroup;
			children = (
				4EF496E2050F5D010016C459 /* IGGraphicView.h */,
				4EF496E3050F5D010016C459 /* IGGraphicView.m */,
				4EFBE7B10648F53B00AEE351 /* IGRenderingView.h */,
				4EFBE7B20648F53B00AEE351 /* IGRenderingView.m */,
				4EDA68C9064BAE75009CE3E6 /* IGGridView.h */,
				4EDA68CA064BAE75009CE3E6 /* IGGridView.m */,
				4EFE35D306747A6800743130 /* IGZoomScrollView.h */,
				4EFE35D406747A6800743130 /* IGZoomScrollView.m */,
				4ED518FB0675ACD200966A46 /* IGBackgroundView.h */,
				4ED518FC0675ACD200966A46 /* IGBackgroundView.m */,
				4EDBD2E40675EF4E00E85E0C /* IGSupView.h */,
				4EDBD2E50675EF4E00E85E0C /* IGSupView.m */,
				320841B506760E4E00F2B07D /* IGCenteringClipView.h */,
				320841B606760E4E00F2B07D /* IGCenteringClipView.m */,
				4EED813506AD349D00ADEF7E /* IGHieroglyphsTableView.h */,
				4EED813606AD349D00ADEF7E /* IGHieroglyphsTableView.m */,
			);
			name = Views;
			sourceTree = "<group>";
		};
		4EFBE4530647C22000AEE351 /* Model Classes */ = {
			isa = PBXGroup;
			children = (
				4EFBE4800647D76200AEE351 /* IGDrawDocument.h */,
				4EFBE4810647D76200AEE351 /* IGDrawDocument.m */,
				4E712BAD052195FB00BA812E /* IGFontData.h */,
				4E712BAE052195FB00BA812E /* IGFontData.m */,
				4EFBE4540647C28A00AEE351 /* IGGraphic.h */,
				4EFBE4550647C28A00AEE351 /* IGGraphic.m */,
				4EFBE47C0647C76C00AEE351 /* IGGlyph.h */,
				4EFBE47D0647C76C00AEE351 /* IGGlyph.m */,
				4EFBE4640647C46500AEE351 /* IGTextArea.h */,
				4EFBE4650647C46500AEE351 /* IGTextArea.m */,
				4EFBE4680647C4B100AEE351 /* IGCartouche.h */,
				4EFBE4690647C4B100AEE351 /* IGCartouche.m */,
				4EFBE46C0647C53100AEE351 /* IGPageNr.h */,
				4EFBE46D0647C53100AEE351 /* IGPageNr.m */,
				4EFBE4600647C42300AEE351 /* IGLine.h */,
				4EFBE4610647C42300AEE351 /* IGLine.m */,
				4EFBE4700647C57300AEE351 /* IGRubric.h */,
				4EFBE4710647C57300AEE351 /* IGRubric.m */,
				4EFBE4740647C6FC00AEE351 /* IGDestroyed.h */,
				4EFBE4750647C6FC00AEE351 /* IGDestroyed.m */,
				4EFBE4580647C38300AEE351 /* IGRectangle.h */,
				4EFBE4590647C38300AEE351 /* IGRectangle.m */,
				4EFBE45C0647C3E200AEE351 /* IGCircle.h */,
				4EFBE45D0647C3E200AEE351 /* IGCircle.m */,
				4EFBE4780647C72D00AEE351 /* IGArc.h */,
				4EFBE4790647C72D00AEE351 /* IGArc.m */,
				4EDA686E064BA50B009CE3E6 /* IGImage.h */,
				4EDA686F064BA50B009CE3E6 /* IGImage.m */,
			);
			name = "Model Classes";
			sourceTree = "<group>";
		};
/* End PBXGroup section */

/* Begin PBXHeadersBuildPhase section */
		4EB1F4E609864F3000D1533D /* Headers */ = {
			isa = PBXHeadersBuildPhase;
			buildActionMask = 2147483647;
			files = (
				4EB1F4E909864F5100D1533D /* CartoucheController.h in Headers */,
				4EB1F4EB09864F5100D1533D /* FormatGlyphController.h in Headers */,
				4EB1F4EC09864F5100D1533D /* HieroglyphsController.h in Headers */,
				4EB1F4ED09864F5100D1533D /* LineController.h in Headers */,
				4EB1F4EE09864F5100D1533D /* ObjectsController.h in Headers */,
				4EB1F4EF09864F5100D1533D /* PreferencesController.h in Headers */,
				4EB1F4F009864F5100D1533D /* TipsController.h in Headers */,
				4EB1F4F109864F5100D1533D /* WritingDirectionController.h in Headers */,
				4EB1F4F209864F5100D1533D /* IGlyphDelegate.h in Headers */,
				4EB1F4F309864F5100D1533D /* IGGraphicView.h in Headers */,
				4EB1F4F409864F5100D1533D /* IGFontData.h in Headers */,
				4EB1F4F509864F5100D1533D /* IGDocumentWindowController.h in Headers */,
				4EB1F4F609864F5100D1533D /* IGGraphic.h in Headers */,
				4EB1F4F709864F5100D1533D /* IGRectangle.h in Headers */,
				4EB1F4F809864F5100D1533D /* IGCircle.h in Headers */,
				4EB1F4F909864F5100D1533D /* IGLine.h in Headers */,
				4EB1F4FA09864F5100D1533D /* IGTextArea.h in Headers */,
				4EB1F4FB09864F5100D1533D /* IGCartouche.h in Headers */,
				4EB1F4FC09864F5100D1533D /* IGPageNr.h in Headers */,
				4EB1F4FD09864F5100D1533D /* IGRubric.h in Headers */,
				4EB1F4FE09864F5100D1533D /* IGDestroyed.h in Headers */,
				4EB1F4FF09864F5100D1533D /* IGArc.h in Headers */,
				4EB1F50009864F5100D1533D /* IGGlyph.h in Headers */,
				4EB1F50109864F5100D1533D /* IGDrawDocument.h in Headers */,
				4EB1F50209864F5100D1533D /* IGRenderingView.h in Headers */,
				4EB1F50309864F5100D1533D /* IGFoundationExtras.h in Headers */,
				4EB1F50409864F5100D1533D /* IGImage.h in Headers */,
				4EB1F50509864F5100D1533D /* IGGridView.h in Headers */,
				4EB1F50609864F5100D1533D /* IGZoomScrollView.h in Headers */,
				4EB1F50709864F5100D1533D /* IGBackgroundView.h in Headers */,
				4EB1F50809864F5100D1533D /* IGSupView.h in Headers */,
				4EB1F50909864F5100D1533D /* IGCenteringClipView.h in Headers */,
				4EB1F50A09864F5100D1533D /* IGHieroglyphsTableView.h in Headers */,
				4EB1F50B09864F5100D1533D /* PageNrController.h in Headers */,
				4EB1F50E09864F5100D1533D /* IGInspectorController.h in Headers */,
				4E75736D0A665A32001721EE /* IGEdgeDockablePanel.h in Headers */,
				4E75736F0A665A32001721EE /* IGEdgeDockablePanelWithKey.h in Headers */,
			);
			runOnlyForDeploymentPostprocessing = 0;
		};
/* End PBXHeadersBuildPhase section */

/* Begin PBXNativeTarget section */
		32C55044202CE60400EC9B16 /* iGlyphTests */ = {
			isa = PBXNativeTarget;
			buildConfigurationList = 32C5504C202CE60400EC9B16 /* Build configuration list for PBXNativeTarget "iGlyphTests" */;
			buildPhases = (
				32C55041202CE60400EC9B16 /* Sources */,
				32C55042202CE60400EC9B16 /* Frameworks */,
				32C55043202CE60400EC9B16 /* Resources */,
			);
			buildRules = (
			);
			dependencies = (
				32C5504B202CE60400EC9B16 /* PBXTargetDependency */,
			);
			name = iGlyphTests;
			productName = iGlyphTests;
			productReference = 32C55045202CE60400EC9B16 /* iGlyphTests.xctest */;
			productType = "com.apple.product-type.bundle.unit-test";
		};
		4EB1F4DF09864EBB00D1533D /* iGlyph */ = {
			isa = PBXNativeTarget;
			buildConfigurationList = 4EB1F4E209864EDA00D1533D /* Build configuration list for PBXNativeTarget "iGlyph" */;
			buildPhases = (
				C200C204BD9A878C849027F5 /* [CP] Check Pods Manifest.lock */,
				4EB1F4E609864F3000D1533D /* Headers */,
				4EB1F4DC09864EBB00D1533D /* Resources */,
				4EB1F4DD09864EBB00D1533D /* Sources */,
				4EB1F4DE09864EBB00D1533D /* Frameworks */,
				327B7D360B94E15900BAEB3A /* Copy Frameworks */,
				E84164B2CD4D339ADDE450E5 /* [CP] Embed Pods Frameworks */,
				84D17E555084D4CD953CB730 /* [CP] Copy Pods Resources */,
			);
			buildRules = (
			);
			dependencies = (
			);
			name = iGlyph;
			productName = iGlyph;
			productReference = 4EB1F4E009864EBB00D1533D /* iGlyph.app */;
			productType = "com.apple.product-type.application";
		};
/* End PBXNativeTarget section */

/* Begin PBXProject section */
		29B97313FDCFA39411CA2CEA /* Project object */ = {
			isa = PBXProject;
			attributes = {
				LastUpgradeCheck = 0920;
				TargetAttributes = {
					32C55044202CE60400EC9B16 = {
						CreatedOnToolsVersion = 9.2;
						ProvisioningStyle = Automatic;
						TestTargetID = 4EB1F4DF09864EBB00D1533D;
					};
					4EB1F4DF09864EBB00D1533D = {
						LastSwiftMigration = 0920;
						ProvisioningStyle = Automatic;
					};
				};
			};
			buildConfigurationList = 4E1F7F0E0856E087007F166E /* Build configuration list for PBXProject "iGlyph" */;
			compatibilityVersion = "Xcode 8.0";
			developmentRegion = en;
			hasScannedForEncodings = 1;
			knownRegions = (
				en,
				English,
			);
			mainGroup = 29B97314FDCFA39411CA2CEA /* VisualGlyph */;
			productRefGroup = 19C28FACFE9D520D11CA2CBB /* Products */;
			projectDirPath = "";
			projectRoot = "";
			targets = (
				4EB1F4DF09864EBB00D1533D /* iGlyph */,
				32C55044202CE60400EC9B16 /* iGlyphTests */,
			);
		};
/* End PBXProject section */

/* Begin PBXResourcesBuildPhase section */
		32C55043202CE60400EC9B16 /* Resources */ = {
			isa = PBXResourcesBuildPhase;
			buildActionMask = 2147483647;
			files = (
			);
			runOnlyForDeploymentPostprocessing = 0;
		};
		4EB1F4DC09864EBB00D1533D /* Resources */ = {
			isa = PBXResourcesBuildPhase;
			buildActionMask = 2147483647;
			files = (
				32E58EAF202CA69300946AF1 /* images in Resources */,
				32B68E782030CF2E000CFA9D /* Cartouche.xib in Resources */,
				32B68E762030CF2E000CFA9D /* Line.xib in Resources */,
				32B68E792030CF2E000CFA9D /* Objects.xib in Resources */,
				32B68E772030CF2E000CFA9D /* Hieroglyphs.xib in Resources */,
				32B68E812030CF3F000CFA9D /* Tips.xib in Resources */,
				32B68E742030CF2E000CFA9D /* WritingDirection.xib in Resources */,
				32B68E8C2030F97D000CFA9D /* SidebarViewController.xib in Resources */,
				32B68E7A2030CF2E000CFA9D /* PageNr.xib in Resources */,
				32B68E7B2030CF2E000CFA9D /* FormatGlyph.xib in Resources */,
				32B68E802030CF3F000CFA9D /* Preferences.xib in Resources */,
				32B68E632030CEC9000CFA9D /* MainMenu.xib in Resources */,
				4EB1F51B09864F6800D1533D /* IGFonts in Resources */,
				32B68E622030CEC9000CFA9D /* DocumentWindow.xib in Resources */,
				4EB1F51C09864F6800D1533D /* IG_GlyphCodes.txt in Resources */,
				4EB1F51E09864F6800D1533D /* Credits.html in Resources */,
				32E58EB1202CA71800946AF1 /* Images.xcassets in Resources */,
				32B68E752030CF2E000CFA9D /* Inspector.xib in Resources */,
				4EB1F51F09864F6800D1533D /* iGlyphHelp in Resources */,
			);
			runOnlyForDeploymentPostprocessing = 0;
		};
/* End PBXResourcesBuildPhase section */

/* Begin PBXShellScriptBuildPhase section */
		84D17E555084D4CD953CB730 /* [CP] Copy Pods Resources */ = {
			isa = PBXShellScriptBuildPhase;
			buildActionMask = 2147483647;
			files = (
			);
			inputPaths = (
			);
			name = "[CP] Copy Pods Resources";
			outputPaths = (
			);
			runOnlyForDeploymentPostprocessing = 0;
			shellPath = /bin/sh;
			shellScript = "\"${SRCROOT}/Pods/Target Support Files/Pods-iGlyph/Pods-iGlyph-resources.sh\"\n";
			showEnvVarsInLog = 0;
		};
		C200C204BD9A878C849027F5 /* [CP] Check Pods Manifest.lock */ = {
			isa = PBXShellScriptBuildPhase;
			buildActionMask = 2147483647;
			files = (
			);
			inputPaths = (
				"${PODS_PODFILE_DIR_PATH}/Podfile.lock",
				"${PODS_ROOT}/Manifest.lock",
			);
			name = "[CP] Check Pods Manifest.lock";
			outputPaths = (
				"$(DERIVED_FILE_DIR)/Pods-iGlyph-checkManifestLockResult.txt",
			);
			runOnlyForDeploymentPostprocessing = 0;
			shellPath = /bin/sh;
			shellScript = "diff \"${PODS_PODFILE_DIR_PATH}/Podfile.lock\" \"${PODS_ROOT}/Manifest.lock\" > /dev/null\nif [ $? != 0 ] ; then\n    # print error to STDERR\n    echo \"error: The sandbox is not in sync with the Podfile.lock. Run 'pod install' or update your CocoaPods installation.\" >&2\n    exit 1\nfi\n# This output is used by Xcode 'outputs' to avoid re-running this script phase.\necho \"SUCCESS\" > \"${SCRIPT_OUTPUT_FILE_0}\"\n";
			showEnvVarsInLog = 0;
		};
		E84164B2CD4D339ADDE450E5 /* [CP] Embed Pods Frameworks */ = {
			isa = PBXShellScriptBuildPhase;
			buildActionMask = 2147483647;
			files = (
			);
			inputPaths = (
				"${SRCROOT}/Pods/Target Support Files/Pods-iGlyph/Pods-iGlyph-frameworks.sh",
				"${BUILT_PRODUCTS_DIR}/CocoaLumberjack/CocoaLumberjack.framework",
			);
			name = "[CP] Embed Pods Frameworks";
			outputPaths = (
				"${TARGET_BUILD_DIR}/${FRAMEWORKS_FOLDER_PATH}/CocoaLumberjack.framework",
			);
			runOnlyForDeploymentPostprocessing = 0;
			shellPath = /bin/sh;
			shellScript = "\"${SRCROOT}/Pods/Target Support Files/Pods-iGlyph/Pods-iGlyph-frameworks.sh\"\n";
			showEnvVarsInLog = 0;
		};
/* End PBXShellScriptBuildPhase section */

/* Begin PBXSourcesBuildPhase section */
		32C55041202CE60400EC9B16 /* Sources */ = {
			isa = PBXSourcesBuildPhase;
			buildActionMask = 2147483647;
			files = (
				32C55048202CE60400EC9B16 /* iGlyphTests.m in Sources */,
			);
			runOnlyForDeploymentPostprocessing = 0;
		};
		4EB1F4DD09864EBB00D1533D /* Sources */ = {
			isa = PBXSourcesBuildPhase;
			buildActionMask = 2147483647;
			files = (
				4EB1F55309864F8700D1533D /* main.m in Sources */,
				4EB1F55409864F8700D1533D /* CartoucheController.m in Sources */,
				4EB1F55609864F8700D1533D /* FormatGlyphController.m in Sources */,
				4EB1F55709864F8700D1533D /* HieroglyphsController.m in Sources */,
				4EB1F55809864F8700D1533D /* LineController.m in Sources */,
				4EB1F55909864F8700D1533D /* ObjectsController.m in Sources */,
				4EB1F55A09864F8700D1533D /* PreferencesController.m in Sources */,
				4EB1F55B09864F8700D1533D /* TipsController.m in Sources */,
				4EB1F55C09864F8700D1533D /* WritingDirectionController.m in Sources */,
				4EB1F55D09864F8700D1533D /* IGlyphDelegate.m in Sources */,
				4EB1F55E09864F8700D1533D /* IGGraphicView.m in Sources */,
				4EB1F55F09864F8700D1533D /* IGFontData.m in Sources */,
				4EB1F56009864F8700D1533D /* IGDocumentWindowController.m in Sources */,
				4EB1F56109864F8700D1533D /* IGGraphic.m in Sources */,
				4EB1F56209864F8700D1533D /* IGRectangle.m in Sources */,
				4EB1F56309864F8700D1533D /* IGCircle.m in Sources */,
				4EB1F56409864F8700D1533D /* IGLine.m in Sources */,
				4EB1F56509864F8700D1533D /* IGTextArea.m in Sources */,
				4EB1F56609864F8700D1533D /* IGCartouche.m in Sources */,
				4EB1F56709864F8700D1533D /* IGPageNr.m in Sources */,
				4EB1F56809864F8700D1533D /* IGRubric.m in Sources */,
				32729C93202F92030016626C /* AppDelegate.swift in Sources */,
				4EB1F56909864F8700D1533D /* IGDestroyed.m in Sources */,
				4EB1F56A09864F8700D1533D /* IGArc.m in Sources */,
				4EB1F56B09864F8700D1533D /* IGGlyph.m in Sources */,
				4EB1F56C09864F8700D1533D /* IGDrawDocument.m in Sources */,
				4EB1F56D09864F8700D1533D /* IGRenderingView.m in Sources */,
				4EB1F56E09864F8700D1533D /* IGFoundationExtras.m in Sources */,
				4EB1F56F09864F8700D1533D /* IGImage.m in Sources */,
				4EB1F57009864F8700D1533D /* IGGridView.m in Sources */,
				4EB1F57109864F8700D1533D /* IGZoomScrollView.m in Sources */,
				4EB1F57209864F8700D1533D /* IGBackgroundView.m in Sources */,
				4EB1F57309864F8700D1533D /* IGSupView.m in Sources */,
				32B68E8B2030F97D000CFA9D /* SidebarViewController.swift in Sources */,
				4EB1F57409864F8700D1533D /* IGCenteringClipView.m in Sources */,
				4EB1F57509864F8700D1533D /* IGHieroglyphsTableView.m in Sources */,
				4EB1F57609864F8700D1533D /* PageNrController.m in Sources */,
				4EB1F57909864F8700D1533D /* IGInspectorController.m in Sources */,
				4E75736E0A665A32001721EE /* IGEdgeDockablePanel.m in Sources */,
				4E7573700A665A32001721EE /* IGEdgeDockablePanelWithKey.m in Sources */,
			);
			runOnlyForDeploymentPostprocessing = 0;
		};
/* End PBXSourcesBuildPhase section */

/* Begin PBXTargetDependency section */
		32C5504B202CE60400EC9B16 /* PBXTargetDependency */ = {
			isa = PBXTargetDependency;
			target = 4EB1F4DF09864EBB00D1533D /* iGlyph */;
			targetProxy = 32C5504A202CE60400EC9B16 /* PBXContainerItemProxy */;
		};
/* End PBXTargetDependency section */

/* Begin PBXVariantGroup section */
		3213789A0873453B000583E2 /* iGlyphHelp */ = {
			isa = PBXVariantGroup;
			children = (
				3213781308734531000583E2 /* English */,
			);
			name = iGlyphHelp;
			sourceTree = "<group>";
		};
		32B68E5E2030CEC8000CFA9D /* DocumentWindow.xib */ = {
			isa = PBXVariantGroup;
			children = (
				32B68E5F2030CEC8000CFA9D /* English */,
			);
			name = DocumentWindow.xib;
			sourceTree = "<group>";
		};
		32B68E602030CEC8000CFA9D /* MainMenu.xib */ = {
			isa = PBXVariantGroup;
			children = (
				32B68E612030CEC8000CFA9D /* English */,
			);
			name = MainMenu.xib;
			sourceTree = "<group>";
		};
		32B68E642030CF2D000CFA9D /* WritingDirection.xib */ = {
			isa = PBXVariantGroup;
			children = (
				32B68E652030CF2D000CFA9D /* English */,
			);
			name = WritingDirection.xib;
			sourceTree = "<group>";
		};
		32B68E662030CF2D000CFA9D /* Inspector.xib */ = {
			isa = PBXVariantGroup;
			children = (
				32B68E672030CF2D000CFA9D /* English */,
			);
			name = Inspector.xib;
			sourceTree = "<group>";
		};
		32B68E682030CF2E000CFA9D /* Line.xib */ = {
			isa = PBXVariantGroup;
			children = (
				32B68E692030CF2E000CFA9D /* English */,
			);
			name = Line.xib;
			sourceTree = "<group>";
		};
		32B68E6A2030CF2E000CFA9D /* Hieroglyphs.xib */ = {
			isa = PBXVariantGroup;
			children = (
				32B68E6B2030CF2E000CFA9D /* English */,
			);
			name = Hieroglyphs.xib;
			sourceTree = "<group>";
		};
		32B68E6C2030CF2E000CFA9D /* Cartouche.xib */ = {
			isa = PBXVariantGroup;
			children = (
				32B68E6D2030CF2E000CFA9D /* English */,
			);
			name = Cartouche.xib;
			sourceTree = "<group>";
		};
		32B68E6E2030CF2E000CFA9D /* Objects.xib */ = {
			isa = PBXVariantGroup;
			children = (
				32B68E6F2030CF2E000CFA9D /* English */,
			);
			name = Objects.xib;
			sourceTree = "<group>";
		};
		32B68E702030CF2E000CFA9D /* PageNr.xib */ = {
			isa = PBXVariantGroup;
			children = (
				32B68E712030CF2E000CFA9D /* English */,
			);
			name = PageNr.xib;
			sourceTree = "<group>";
		};
		32B68E722030CF2E000CFA9D /* FormatGlyph.xib */ = {
			isa = PBXVariantGroup;
			children = (
				32B68E732030CF2E000CFA9D /* English */,
			);
			name = FormatGlyph.xib;
			sourceTree = "<group>";
		};
		32B68E7C2030CF3F000CFA9D /* Preferences.xib */ = {
			isa = PBXVariantGroup;
			children = (
				32B68E7D2030CF3F000CFA9D /* English */,
			);
			name = Preferences.xib;
			sourceTree = "<group>";
		};
		32B68E7E2030CF3F000CFA9D /* Tips.xib */ = {
			isa = PBXVariantGroup;
			children = (
				32B68E7F2030CF3F000CFA9D /* English */,
			);
			name = Tips.xib;
			sourceTree = "<group>";
		};
/* End PBXVariantGroup section */

/* Begin XCBuildConfiguration section */
		32C5504D202CE60400EC9B16 /* Debug */ = {
			isa = XCBuildConfiguration;
			buildSettings = {
				ALWAYS_EMBED_SWIFT_STANDARD_LIBRARIES = YES;
				BUNDLE_LOADER = "$(TEST_HOST)";
				CLANG_ANALYZER_NONNULL = YES;
				CLANG_ANALYZER_NUMBER_OBJECT_CONVERSION = YES_AGGRESSIVE;
				CLANG_CXX_LANGUAGE_STANDARD = "gnu++14";
				CLANG_CXX_LIBRARY = "libc++";
				CLANG_ENABLE_MODULES = YES;
				CLANG_ENABLE_OBJC_ARC = YES;
				CLANG_WARN_DIRECT_OBJC_ISA_USAGE = YES_ERROR;
				CLANG_WARN_DOCUMENTATION_COMMENTS = YES;
				CLANG_WARN_OBJC_ROOT_CLASS = YES_ERROR;
				CLANG_WARN_UNGUARDED_AVAILABILITY = YES_AGGRESSIVE;
				CODE_SIGN_IDENTITY = "Mac Developer";
				CODE_SIGN_STYLE = Automatic;
				COMBINE_HIDPI_IMAGES = YES;
				COPY_PHASE_STRIP = NO;
				DEBUG_INFORMATION_FORMAT = dwarf;
				DEVELOPMENT_TEAM = V7GQG35M7X;
				GCC_C_LANGUAGE_STANDARD = gnu11;
				GCC_DYNAMIC_NO_PIC = NO;
				GCC_ENABLE_OBJC_GC = unsuported;
				GCC_OPTIMIZATION_LEVEL = 0;
				GCC_PREPROCESSOR_DEFINITIONS = (
					"DEBUG=1",
					"$(inherited)",
				);
				GCC_WARN_ABOUT_RETURN_TYPE = YES_ERROR;
				GCC_WARN_UNINITIALIZED_AUTOS = YES_AGGRESSIVE;
				INFOPLIST_FILE = iGlyphTests/Info.plist;
				LD_RUNPATH_SEARCH_PATHS = "$(inherited) @executable_path/../Frameworks @loader_path/../Frameworks";
				MACOSX_DEPLOYMENT_TARGET = 10.13;
				MTL_ENABLE_DEBUG_INFO = YES;
				PRODUCT_BUNDLE_IDENTIFIER = ch.subotic.test.iGlyphTests;
				PRODUCT_NAME = "$(TARGET_NAME)";
				TEST_HOST = "$(BUILT_PRODUCTS_DIR)/iGlyph.app/Contents/MacOS/iGlyph";
			};
			name = Debug;
		};
		32C5504E202CE60400EC9B16 /* Release */ = {
			isa = XCBuildConfiguration;
			buildSettings = {
				ALWAYS_EMBED_SWIFT_STANDARD_LIBRARIES = YES;
				BUNDLE_LOADER = "$(TEST_HOST)";
				CLANG_ANALYZER_NONNULL = YES;
				CLANG_ANALYZER_NUMBER_OBJECT_CONVERSION = YES_AGGRESSIVE;
				CLANG_CXX_LANGUAGE_STANDARD = "gnu++14";
				CLANG_CXX_LIBRARY = "libc++";
				CLANG_ENABLE_MODULES = YES;
				CLANG_ENABLE_OBJC_ARC = YES;
				CLANG_WARN_DIRECT_OBJC_ISA_USAGE = YES_ERROR;
				CLANG_WARN_DOCUMENTATION_COMMENTS = YES;
				CLANG_WARN_OBJC_ROOT_CLASS = YES_ERROR;
				CLANG_WARN_UNGUARDED_AVAILABILITY = YES_AGGRESSIVE;
				CODE_SIGN_IDENTITY = "Mac Developer";
				CODE_SIGN_STYLE = Automatic;
				COMBINE_HIDPI_IMAGES = YES;
				COPY_PHASE_STRIP = NO;
				DEBUG_INFORMATION_FORMAT = "dwarf-with-dsym";
				DEVELOPMENT_TEAM = V7GQG35M7X;
				ENABLE_NS_ASSERTIONS = NO;
				GCC_C_LANGUAGE_STANDARD = gnu11;
				GCC_ENABLE_OBJC_GC = unsuported;
				GCC_WARN_ABOUT_RETURN_TYPE = YES_ERROR;
				GCC_WARN_UNINITIALIZED_AUTOS = YES_AGGRESSIVE;
				INFOPLIST_FILE = iGlyphTests/Info.plist;
				LD_RUNPATH_SEARCH_PATHS = "$(inherited) @executable_path/../Frameworks @loader_path/../Frameworks";
				MACOSX_DEPLOYMENT_TARGET = 10.13;
				MTL_ENABLE_DEBUG_INFO = NO;
				PRODUCT_BUNDLE_IDENTIFIER = ch.subotic.test.iGlyphTests;
				PRODUCT_NAME = "$(TARGET_NAME)";
				TEST_HOST = "$(BUILT_PRODUCTS_DIR)/iGlyph.app/Contents/MacOS/iGlyph";
			};
			name = Release;
		};
		32DC7F5D0DACE3590078AE6F /* Debug */ = {
			isa = XCBuildConfiguration;
			buildSettings = {
				ALWAYS_SEARCH_USER_PATHS = NO;
				CLANG_WARN_BLOCK_CAPTURE_AUTORELEASING = YES;
				CLANG_WARN_BOOL_CONVERSION = YES;
				CLANG_WARN_COMMA = YES;
				CLANG_WARN_CONSTANT_CONVERSION = YES;
				CLANG_WARN_EMPTY_BODY = YES;
				CLANG_WARN_ENUM_CONVERSION = YES;
				CLANG_WARN_INFINITE_RECURSION = YES;
				CLANG_WARN_INT_CONVERSION = YES;
				CLANG_WARN_NON_LITERAL_NULL_CONVERSION = YES;
				CLANG_WARN_OBJC_LITERAL_CONVERSION = YES;
				CLANG_WARN_RANGE_LOOP_ANALYSIS = YES;
				CLANG_WARN_STRICT_PROTOTYPES = YES;
				CLANG_WARN_SUSPICIOUS_MOVE = YES;
				CLANG_WARN_UNREACHABLE_CODE = YES;
				CLANG_WARN__DUPLICATE_METHOD_MATCH = YES;
				ENABLE_STRICT_OBJC_MSGSEND = YES;
				ENABLE_TESTABILITY = YES;
				GCC_ENABLE_OBJC_GC = required;
				GCC_NO_COMMON_BLOCKS = YES;
				GCC_WARN_64_TO_32_BIT_CONVERSION = YES;
				GCC_WARN_ABOUT_RETURN_TYPE = YES;
				GCC_WARN_UNDECLARED_SELECTOR = YES;
				GCC_WARN_UNINITIALIZED_AUTOS = YES;
				GCC_WARN_UNUSED_FUNCTION = YES;
				GCC_WARN_UNUSED_VARIABLE = YES;
				MACOSX_DEPLOYMENT_TARGET = 10.11;
				ONLY_ACTIVE_ARCH = YES;
				PRECOMPS_INCLUDE_HEADERS_FROM_BUILT_PRODUCTS_DIR = YES;
				SDKROOT = macosx;
				SHARED_PRECOMPS_DIR = "$(CACHE_ROOT)/SharedPrecompiledHeaders";
				VALID_ARCHS = "i386 ppc ppc64 ppc7400 ppc970 x86_64";
			};
			name = Debug;
		};
		32DC7F5E0DACE3590078AE6F /* Debug */ = {
			isa = XCBuildConfiguration;
			baseConfigurationReference = 32D11B46F2DC0892A0F0F74A /* Pods-iGlyph.debug.xcconfig */;
			buildSettings = {
				ASSETCATALOG_COMPILER_APPICON_NAME = AppIcon;
				CLANG_ENABLE_MODULES = YES;
				CLANG_ENABLE_OBJC_ARC = YES;
				CODE_SIGN_IDENTITY = "Mac Developer";
				CODE_SIGN_STYLE = Automatic;
				CURRENT_PROJECT_VERSION = 5;
				DEVELOPMENT_TEAM = V7GQG35M7X;
				FRAMEWORK_SEARCH_PATHS = (
					"$(inherited)",
					"$(PROJECT_DIR)",
				);
				GCC_ENABLE_FIX_AND_CONTINUE = YES;
				GCC_ENABLE_OBJC_GC = unsupported;
				GCC_MODEL_TUNING = G5;
				GCC_PRECOMPILE_PREFIX_HEADER = YES;
				GCC_PREFIX_HEADER = iGlyph/IGlyph_Prefix.pch;
				GCC_PREPROCESSOR_DEFINITIONS = (
					"$(inherited)",
					"DEBUG=1",
					"COCOAPODS=1",
				);
				INFOPLIST_FILE = "$(SRCROOT)/iGlyph/Info.plist";
				INSTALL_PATH = "$(HOME)/Applications";
				LD_RUNPATH_SEARCH_PATHS = "$(inherited) @executable_path/../Frameworks";
				PREBINDING = NO;
				PRODUCT_BUNDLE_IDENTIFIER = ch.subotic.iGlyph;
				PRODUCT_NAME = iGlyph;
				PROVISIONING_PROFILE_SPECIFIER = "";
				SWIFT_OBJC_BRIDGING_HEADER = "iGlyph/iGlyph-Bridging-Header.h";
				SWIFT_SWIFT3_OBJC_INFERENCE = Default;
				SWIFT_VERSION = 4.0;
				WRAPPER_EXTENSION = app;
			};
			name = Debug;
		};
		32DC7F5F0DACE3670078AE6F /* Release */ = {
			isa = XCBuildConfiguration;
			buildSettings = {
				ALWAYS_SEARCH_USER_PATHS = NO;
				CLANG_WARN_BLOCK_CAPTURE_AUTORELEASING = YES;
				CLANG_WARN_BOOL_CONVERSION = YES;
				CLANG_WARN_COMMA = YES;
				CLANG_WARN_CONSTANT_CONVERSION = YES;
				CLANG_WARN_EMPTY_BODY = YES;
				CLANG_WARN_ENUM_CONVERSION = YES;
				CLANG_WARN_INFINITE_RECURSION = YES;
				CLANG_WARN_INT_CONVERSION = YES;
				CLANG_WARN_NON_LITERAL_NULL_CONVERSION = YES;
				CLANG_WARN_OBJC_LITERAL_CONVERSION = YES;
				CLANG_WARN_RANGE_LOOP_ANALYSIS = YES;
				CLANG_WARN_STRICT_PROTOTYPES = YES;
				CLANG_WARN_SUSPICIOUS_MOVE = YES;
				CLANG_WARN_UNREACHABLE_CODE = YES;
				CLANG_WARN__DUPLICATE_METHOD_MATCH = YES;
				ENABLE_STRICT_OBJC_MSGSEND = YES;
				GCC_ENABLE_OBJC_GC = required;
				GCC_NO_COMMON_BLOCKS = YES;
				GCC_WARN_64_TO_32_BIT_CONVERSION = YES;
				GCC_WARN_ABOUT_RETURN_TYPE = YES;
				GCC_WARN_UNDECLARED_SELECTOR = YES;
				GCC_WARN_UNINITIALIZED_AUTOS = YES;
				GCC_WARN_UNUSED_FUNCTION = YES;
				GCC_WARN_UNUSED_VARIABLE = YES;
				MACOSX_DEPLOYMENT_TARGET = 10.11;
				ONLY_ACTIVE_ARCH = NO;
				PRECOMPS_INCLUDE_HEADERS_FROM_BUILT_PRODUCTS_DIR = YES;
				SDKROOT = macosx;
				SHARED_PRECOMPS_DIR = "$(CACHE_ROOT)/SharedPrecompiledHeaders";
				VALID_ARCHS = "i386 ppc ppc64 ppc7400 ppc970 x86_64";
			};
			name = Release;
		};
		32DC7F600DACE3670078AE6F /* Release */ = {
			isa = XCBuildConfiguration;
			baseConfigurationReference = 9B90BC13245B35BF9E8F43D6 /* Pods-iGlyph.release.xcconfig */;
			buildSettings = {
				ASSETCATALOG_COMPILER_APPICON_NAME = AppIcon;
				CLANG_ENABLE_MODULES = YES;
				CLANG_ENABLE_OBJC_ARC = YES;
				CODE_SIGN_IDENTITY = "Mac Developer";
				CODE_SIGN_STYLE = Automatic;
				CURRENT_PROJECT_VERSION = 5;
				DEVELOPMENT_TEAM = V7GQG35M7X;
				FRAMEWORK_SEARCH_PATHS = (
					"$(inherited)",
					"$(PROJECT_DIR)",
				);
				GCC_ENABLE_FIX_AND_CONTINUE = YES;
				GCC_ENABLE_OBJC_GC = unsupported;
				GCC_MODEL_TUNING = G5;
				GCC_PRECOMPILE_PREFIX_HEADER = YES;
				GCC_PREFIX_HEADER = iGlyph/IGlyph_Prefix.pch;
				INFOPLIST_FILE = "$(SRCROOT)/iGlyph/Info.plist";
				INSTALL_PATH = "$(HOME)/Applications";
				LD_RUNPATH_SEARCH_PATHS = "$(inherited) @executable_path/../Frameworks";
				PREBINDING = NO;
				PRODUCT_BUNDLE_IDENTIFIER = ch.subotic.iGlyph;
				PRODUCT_NAME = iGlyph;
				PROVISIONING_PROFILE_SPECIFIER = "";
				SWIFT_OBJC_BRIDGING_HEADER = "iGlyph/iGlyph-Bridging-Header.h";
				SWIFT_SWIFT3_OBJC_INFERENCE = Default;
				SWIFT_VERSION = 4.0;
				WRAPPER_EXTENSION = app;
			};
			name = Release;
		};
/* End XCBuildConfiguration section */

/* Begin XCConfigurationList section */
		32C5504C202CE60400EC9B16 /* Build configuration list for PBXNativeTarget "iGlyphTests" */ = {
			isa = XCConfigurationList;
			buildConfigurations = (
				32C5504D202CE60400EC9B16 /* Debug */,
				32C5504E202CE60400EC9B16 /* Release */,
			);
			defaultConfigurationIsVisible = 0;
			defaultConfigurationName = Debug;
		};
		4E1F7F0E0856E087007F166E /* Build configuration list for PBXProject "iGlyph" */ = {
			isa = XCConfigurationList;
			buildConfigurations = (
				32DC7F5D0DACE3590078AE6F /* Debug */,
				32DC7F5F0DACE3670078AE6F /* Release */,
			);
			defaultConfigurationIsVisible = 0;
			defaultConfigurationName = Debug;
		};
		4EB1F4E209864EDA00D1533D /* Build configuration list for PBXNativeTarget "iGlyph" */ = {
			isa = XCConfigurationList;
			buildConfigurations = (
				32DC7F5E0DACE3590078AE6F /* Debug */,
				32DC7F600DACE3670078AE6F /* Release */,
			);
			defaultConfigurationIsVisible = 0;
			defaultConfigurationName = Debug;
		};
/* End XCConfigurationList section */
	};
	rootObject = 29B97313FDCFA39411CA2CEA /* Project object */;
}
